PODS:
  - AFNetworking (3.2.1):
    - AFNetworking/NSURLSession (= 3.2.1)
    - AFNetworking/Reachability (= 3.2.1)
    - AFNetworking/Security (= 3.2.1)
    - AFNetworking/Serialization (= 3.2.1)
    - AFNetworking/UIKit (= 3.2.1)
  - AFNetworking/NSURLSession (3.2.1):
    - AFNetworking/Reachability
    - AFNetworking/Security
    - AFNetworking/Serialization
  - AFNetworking/Reachability (3.2.1)
  - AFNetworking/Security (3.2.1)
  - AFNetworking/Serialization (3.2.1)
  - AFNetworking/UIKit (3.2.1):
    - AFNetworking/NSURLSession
  - Aspects (1.4.1)
  - FBRetainCycleDetector (0.1.4)
  - FMDB (2.7.5):
    - FMDB/standard (= 2.7.5)
  - FMDB/standard (2.7.5)
  - GPUImage (0.1.7)
  - KVOController (1.2.0)
  - Masonry (1.1.0)
  - matrix-wechat (0.6.5):
    - matrix-wechat/matrixARC (= 0.6.5)
    - matrix-wechat/matrixNonARC1 (= 0.6.5)
    - matrix-wechat/matrixNonARC2 (= 0.6.5)
  - matrix-wechat/matrixARC (0.6.5):
    - matrix-wechat/matrixNonARC1
  - matrix-wechat/matrixNonARC1 (0.6.5)
  - matrix-wechat/matrixNonARC2 (0.6.5):
    - matrix-wechat/matrixARC
  - MJExtension (3.1.0)
  - MJRefresh (3.2.0)
  - MLeaksFinder (1.0.0):
    - FBRetainCycleDetector
  - pop (1.0.12)
  - ReactiveObjC (3.1.1)
  - RxCocoa (5.1.1):
    - RxRelay (~> 5)
    - RxSwift (~> 5)
  - RxRelay (5.1.1):
    - RxSwift (~> 5)
  - RxSwift (5.1.1)
  - SDWebImage (4.3.3):
    - SDWebImage/Core (= 4.3.3)
  - SDWebImage/Core (4.3.3)
  - SnapKit (4.0.1)
  - YTKNetwork (2.0.4):
    - AFNetworking (~> 3.0)
  - YYKit (1.0.9):
    - YYKit/no-arc (= 1.0.9)
  - YYKit/no-arc (1.0.9)

DEPENDENCIES:
  - AFNetworking
  - Aspects
  - FMDB
  - GPUImage
  - KVOController
  - Masonry
  - matrix-wechat
  - MJExtension
  - MJRefresh
  - MLeaksFinder
  - pop (~> 1.0)
  - ReactiveObjC (~> 3.1.0)
  - RxCocoa (~> 5)
  - RxSwift (~> 5)
  - SDWebImage (~> 4.3.3)
  - SnapKit (~> 4.0.0)
  - YTKNetwork
  - YYKit

SPEC REPOS:
  https://github.com/cocoapods/specs.git:
    - AFNetworking
    - Aspects
    - FBRetainCycleDetector
    - FMDB
    - GPUImage
    - KVOController
    - Masonry
    - matrix-wechat
    - MJExtension
    - MJRefresh
    - MLeaksFinder
    - pop
    - ReactiveObjC
    - RxCocoa
    - RxRelay
    - RxSwift
    - SDWebImage
    - SnapKit
    - YTKNetwork
    - YYKit

SPEC CHECKSUMS:
  AFNetworking: b6f891fdfaed196b46c7a83cf209e09697b94057
  Aspects: 7595ba96a6727a58ebcbfc954497fc5d2fdde546
  FBRetainCycleDetector: 46f8179bbb1c587deee3ea838a1a3ee02acf5015
  FMDB: 2ce00b547f966261cd18927a3ddb07cb6f3db82a
  GPUImage: 733a5f0fab92df9de1c37ba9df520a833ccb406d
  KVOController: d72ace34afea42468329623b3379ab3cd1d286b6
  Masonry: 678fab65091a9290e40e2832a55e7ab731aad201
  matrix-wechat: 4e8a4047dde97c4634ef782edcd69ce276c5b4ab
  MJExtension: 6b69b3bef2864fd550ce1a184eda219e321209d2
  MJRefresh: ed450d6eb9d3346a2cb033ab7eb6de090aeef437
  MLeaksFinder: 8c435bd2f6d070af18cff082b503b21adc130fc0
  pop: d582054913807fd11fd50bfe6a539d91c7e1a55a
  ReactiveObjC: 011caa393aa0383245f2dcf9bf02e86b80b36040
  RxCocoa: 32065309a38d29b5b0db858819b5bf9ef038b601
  RxRelay: d77f7d771495f43c556cbc43eebd1bb54d01e8e9
  RxSwift: 81470a2074fa8780320ea5fe4102807cb7118178
  SDWebImage: de4d90b5bff3571eae7bd16202b1f43135409fa5
  SnapKit: 0de968a9fec17499afa29683b05d0c775b6d1c29
  YTKNetwork: df8a7a5597bda1664a4efaa7ef871a818a887fe0
  YYKit: 7cda43304a8dc3696c449041e2cb3107b4e236e7

PODFILE CHECKSUM: f80f1c72d269168348eaa48c4dffa660fb2e4042

COCOAPODS: 1.7.3
