PODS:
  - AFNetworking (4.0.1):
    - AFNetworking/NSURLSession (= 4.0.1)
    - AFNetworking/Reachability (= 4.0.1)
    - AFNetworking/Security (= 4.0.1)
    - AFNetworking/Serialization (= 4.0.1)
    - AFNetworking/UIKit (= 4.0.1)
  - AFNetworking/NSURLSession (4.0.1):
    - AFNetworking/Reachability
    - AFNetworking/Security
    - AFNetworking/Serialization
  - AFNetworking/Reachability (4.0.1)
  - AFNetworking/Security (4.0.1)
  - AFNetworking/Serialization (4.0.1)
  - AFNetworking/UIKit (4.0.1):
    - AFNetworking/NSURLSession
  - Aspects (1.4.1)
  - CocoaLumberjack (3.7.0):
    - CocoaLumberjack/Core (= 3.7.0)
  - CocoaLumberjack/Core (3.7.0)
  - DoraemonKit/Core (3.0.7):
    - FMDB
    - GCDWebServer
    - GCDWebServer/WebDAV
    - GCDWebServer/WebUploader
  - DoraemonKit/WithLoad (3.0.7):
    - DoraemonKit/Core
  - DoraemonKit/WithLogger (3.0.7):
    - CocoaLumberjack
    - DoraemonKit/Core
  - DoraemonKit/WithMLeaksFinder (3.0.7):
    - DoraemonKit/Core
    - FBRetainCycleDetector
  - FBRetainCycleDetector (0.1.4)
  - FMDB (2.7.5):
    - FMDB/standard (= 2.7.5)
  - FMDB/standard (2.7.5)
  - GCDWebServer (3.5.4):
    - GCDWebServer/Core (= 3.5.4)
  - GCDWebServer/Core (3.5.4)
  - GCDWebServer/WebDAV (3.5.4):
    - GCDWebServer/Core
  - GCDWebServer/WebUploader (3.5.4):
    - GCDWebServer/Core
  - GPUImage (0.1.7)
  - KVOController (1.2.0)
  - LookinServer (1.0.0)
  - Masonry (1.1.0)
  - matrix-wechat (0.6.5):
    - matrix-wechat/matrixARC (= 0.6.5)
    - matrix-wechat/matrixNonARC1 (= 0.6.5)
    - matrix-wechat/matrixNonARC2 (= 0.6.5)
  - matrix-wechat/matrixARC (0.6.5):
    - matrix-wechat/matrixNonARC1
  - matrix-wechat/matrixNonARC1 (0.6.5)
  - matrix-wechat/matrixNonARC2 (0.6.5):
    - matrix-wechat/matrixARC
  - MJExtension (3.2.4)
  - MJRefresh (3.5.0)
  - MMKV (1.2.7):
    - MMKVCore (~> 1.2.7)
  - MMKVCore (1.2.7)
  - pop (1.0.12)
  - ReactiveObjC (3.1.1)
  - RxCocoa (5.1.1):
    - RxRelay (~> 5)
    - RxSwift (~> 5)
  - RxRelay (5.1.1):
    - RxSwift (~> 5)
  - RxSwift (5.1.1)
  - SDWebImage (5.8.4):
    - SDWebImage/Core (= 5.8.4)
  - SDWebImage/Core (5.8.4)
  - SnapKit (4.0.1)
  - YTKNetwork (3.0.5):
    - AFNetworking/NSURLSession (~> 4.0)
  - YYKit (1.0.9):
    - YYKit/no-arc (= 1.0.9)
  - YYKit/no-arc (1.0.9)

DEPENDENCIES:
  - AFNetworking
  - Aspects
  - DoraemonKit/Core (~> 3.0.4)
  - DoraemonKit/WithLoad (~> 3.0.4)
  - DoraemonKit/WithLogger (~> 3.0.4)
  - DoraemonKit/WithMLeaksFinder (~> 3.0.4)
  - FMDB
  - GPUImage
  - KVOController
  - LookinServer
  - Masonry
  - matrix-wechat
  - MJExtension
  - MJRefresh
  - MMKV
  - pop (~> 1.0)
  - ReactiveObjC (~> 3.1.0)
  - RxCocoa (~> 5)
  - RxSwift (~> 5)
  - SDWebImage (~> 5.8.4)
  - SnapKit (~> 4.0.0)
  - YTKNetwork
  - YYKit

SPEC REPOS:
  https://github.com/cocoapods/specs.git:
    - AFNetworking
    - Aspects
    - CocoaLumberjack
    - DoraemonKit
    - FBRetainCycleDetector
    - FMDB
    - GCDWebServer
    - GPUImage
    - KVOController
    - LookinServer
    - Masonry
    - matrix-wechat
    - MJExtension
    - MJRefresh
    - MMKV
    - MMKVCore
    - pop
    - ReactiveObjC
    - RxCocoa
    - RxRelay
    - RxSwift
    - SDWebImage
    - SnapKit
    - YTKNetwork
    - YYKit

SPEC CHECKSUMS:
  AFNetworking: 7864c38297c79aaca1500c33288e429c3451fdce
  Aspects: 7595ba96a6727a58ebcbfc954497fc5d2fdde546
  CocoaLumberjack: e8955b9d337ac307103b0a34fd141c32f27e53c5
  DoraemonKit: 32fb97f3aa82efa133111d193080ca5462cef135
  FBRetainCycleDetector: 46f8179bbb1c587deee3ea838a1a3ee02acf5015
  FMDB: 2ce00b547f966261cd18927a3ddb07cb6f3db82a
  GCDWebServer: 2c156a56c8226e2d5c0c3f208a3621ccffbe3ce4
  GPUImage: 733a5f0fab92df9de1c37ba9df520a833ccb406d
  KVOController: d72ace34afea42468329623b3379ab3cd1d286b6
  LookinServer: 0002891cd3cec5e082a910e897dfe71b4f06b89e
  Masonry: 678fab65091a9290e40e2832a55e7ab731aad201
  matrix-wechat: 4e8a4047dde97c4634ef782edcd69ce276c5b4ab
  MJExtension: 88e0900751b6cac8de1cf724ca9838a0b28d5acb
  MJRefresh: 6afc955813966afb08305477dd7a0d9ad5e79a16
  MMKV: 22e5136f7d00197bc0fc9694b7f71519f0d1ca12
  MMKVCore: 607b7b05f2c2140056b5d338e45f2c14bf3f4232
  pop: d582054913807fd11fd50bfe6a539d91c7e1a55a
  ReactiveObjC: 011caa393aa0383245f2dcf9bf02e86b80b36040
  RxCocoa: 32065309a38d29b5b0db858819b5bf9ef038b601
  RxRelay: d77f7d771495f43c556cbc43eebd1bb54d01e8e9
  RxSwift: 81470a2074fa8780320ea5fe4102807cb7118178
  SDWebImage: cf6922231e95550934da2ada0f20f2becf2ceba9
  SnapKit: 0de968a9fec17499afa29683b05d0c775b6d1c29
  YTKNetwork: a2337af4b444b5d0a658122fa3d8a425e2425716
  YYKit: 7cda43304a8dc3696c449041e2cb3107b4e236e7

PODFILE CHECKSUM: 692d49f4649c8bf20dc0886ae5e3b2801596be66

COCOAPODS: 1.7.3
